{
  "name": "Edu-Guard",
  "version": "0.0.1",
  "lockfileVersion": 2,
  "requires": true,
  "description": "Simple classroom  desktop application for student and teacher",
  "packages": {
    "": {
      "name": "Edu-Guard",
      "version": "0.0.1",
      "hasInstallScript": true,
      "license": "MIT"
    }
  }
}
